
Microsoft Visual Studio Solution File, Format Version 12.00
# Visual Studio Version 17
VisualStudioVersion = 17.14.36518.9 d17.14
MinimumVisualStudioVersion = 10.0.40219.1
Project("{FAE04EC0-301F-11D3-BF4B-00C04F79EFBC}") = "TaxZone", "TaxZone\TaxZone.csproj", "{64483BDC-2225-40DE-8A19-644A15F5BB0B}"
EndProject
Global
	GlobalSection(SolutionConfigurationPlatforms) = preSolution
		Debug|Any CPU = Debug|Any CPU
		Release|Any CPU = Release|Any CPU
	EndGlobalSection
	GlobalSection(ProjectConfigurationPlatforms) = postSolution
		{64483BDC-2225-40DE-8A19-644A15F5BB0B}.Debug|Any CPU.ActiveCfg = Debug|Any CPU
		{64483BDC-2225-40DE-8A19-644A15F5BB0B}.Debug|Any CPU.Build.0 = Debug|Any CPU
		{64483BDC-2225-40DE-8A19-644A15F5BB0B}.Release|Any CPU.ActiveCfg = Release|Any CPU
		{64483BDC-2225-40DE-8A19-644A15F5BB0B}.Release|Any CPU.Build.0 = Release|Any CPU
	EndGlobalSection
	GlobalSection(SolutionProperties) = preSolution
		HideSolutionNode = FALSE
	EndGlobalSection
	GlobalSection(ExtensibilityGlobals) = postSolution
		SolutionGuid = {3480664E-9F4E-4C94-AB5C-5F5577E26FC5}
	EndGlobalSection
EndGlobal
